
Microsoft Visual Studio Solution File, Format Version 12.00
# Visual Studio Version 17
VisualStudioVersion = 17.8.34525.116
MinimumVisualStudioVersion = 10.0.40219.1
Project("{FAE04EC0-301F-11D3-BF4B-00C04F79EFBC}") = "FootBallShop", "FootBallShop.csproj", "{DEC37012-CB9B-44F9-87E1-24535138334E}"
EndProject
Global
	GlobalSection(SolutionConfigurationPlatforms) = preSolution
		Debug|Any CPU = Debug|Any CPU
		Release|Any CPU = Release|Any CPU
	EndGlobalSection
	GlobalSection(ProjectConfigurationPlatforms) = postSolution
		{DEC37012-CB9B-44F9-87E1-24535138334E}.Debug|Any CPU.ActiveCfg = Debug|Any CPU
		{DEC37012-CB9B-44F9-87E1-24535138334E}.Debug|Any CPU.Build.0 = Debug|Any CPU
		{DEC37012-CB9B-44F9-87E1-24535138334E}.Release|Any CPU.ActiveCfg = Release|Any CPU
		{DEC37012-CB9B-44F9-87E1-24535138334E}.Release|Any CPU.Build.0 = Release|Any CPU
	EndGlobalSection
	GlobalSection(SolutionProperties) = preSolution
		HideSolutionNode = FALSE
	EndGlobalSection
	GlobalSection(ExtensibilityGlobals) = postSolution
		SolutionGuid = {06E952A5-1D84-40D5-9179-33C433DA4010}
	EndGlobalSection
EndGlobal
